
Microsoft Visual Studio Solution File, Format Version 12.00
# Visual Studio Version 17
VisualStudioVersion = 17.4.33205.214
MinimumVisualStudioVersion = 10.0.40219.1
Project("{9A19103F-16F7-4668-BE54-9A1E7A4F7556}") = "YOLO", "src\YOLO\YOLO.csproj", "{6BF68098-DF75-44B2-B79D-697C03BDFBB4}"
EndProject
Project("{2150E333-8FDC-42A3-9474-1A3956D46DE8}") = "YOLOv5", "YOLOv5", "{09986AF7-6EFA-401A-9BBF-16F64E17AEC9}"
EndProject
Project("{2150E333-8FDC-42A3-9474-1A3956D46DE8}") = "OpenCvSharp4", "OpenCvSharp4", "{8D0C95C0-C924-46F8-808D-2EE8768ED814}"
EndProject
Project("{9A19103F-16F7-4668-BE54-9A1E7A4F7556}") = "YOLOv5.OpenCvSharp4", "src\YOLOv5.OpenCvSharp4\YOLOv5.OpenCvSharp4.csproj", "{7798D177-08A0-42F6-848A-16D8C18CAE75}"
EndProject
Project("{9A19103F-16F7-4668-BE54-9A1E7A4F7556}") = "YOLOv5.OpenCvSharp4.Tests", "tests\YOLOv5.OpenCvSharp4.Tests\YOLOv5.OpenCvSharp4.Tests.csproj", "{044F67D3-AD14-4251-BBE9-9A9BEE2EB65E}"
EndProject
Project("{9A19103F-16F7-4668-BE54-9A1E7A4F7556}") = "YOLOv5.Data", "data\YOLOv5.Data\YOLOv5.Data.csproj", "{9E5396C2-4149-4385-BA67-D076221B3750}"
EndProject
Global
	GlobalSection(SolutionConfigurationPlatforms) = preSolution
		Debug|Any CPU = Debug|Any CPU
		Release|Any CPU = Release|Any CPU
	EndGlobalSection
	GlobalSection(ProjectConfigurationPlatforms) = postSolution
		{6BF68098-DF75-44B2-B79D-697C03BDFBB4}.Debug|Any CPU.ActiveCfg = Debug|Any CPU
		{6BF68098-DF75-44B2-B79D-697C03BDFBB4}.Debug|Any CPU.Build.0 = Debug|Any CPU
		{6BF68098-DF75-44B2-B79D-697C03BDFBB4}.Release|Any CPU.ActiveCfg = Release|Any CPU
		{6BF68098-DF75-44B2-B79D-697C03BDFBB4}.Release|Any CPU.Build.0 = Release|Any CPU
		{7798D177-08A0-42F6-848A-16D8C18CAE75}.Debug|Any CPU.ActiveCfg = Debug|Any CPU
		{7798D177-08A0-42F6-848A-16D8C18CAE75}.Debug|Any CPU.Build.0 = Debug|Any CPU
		{7798D177-08A0-42F6-848A-16D8C18CAE75}.Release|Any CPU.ActiveCfg = Release|Any CPU
		{7798D177-08A0-42F6-848A-16D8C18CAE75}.Release|Any CPU.Build.0 = Release|Any CPU
		{044F67D3-AD14-4251-BBE9-9A9BEE2EB65E}.Debug|Any CPU.ActiveCfg = Debug|Any CPU
		{044F67D3-AD14-4251-BBE9-9A9BEE2EB65E}.Debug|Any CPU.Build.0 = Debug|Any CPU
		{044F67D3-AD14-4251-BBE9-9A9BEE2EB65E}.Release|Any CPU.ActiveCfg = Release|Any CPU
		{044F67D3-AD14-4251-BBE9-9A9BEE2EB65E}.Release|Any CPU.Build.0 = Release|Any CPU
		{9E5396C2-4149-4385-BA67-D076221B3750}.Debug|Any CPU.ActiveCfg = Debug|Any CPU
		{9E5396C2-4149-4385-BA67-D076221B3750}.Debug|Any CPU.Build.0 = Debug|Any CPU
		{9E5396C2-4149-4385-BA67-D076221B3750}.Release|Any CPU.ActiveCfg = Release|Any CPU
		{9E5396C2-4149-4385-BA67-D076221B3750}.Release|Any CPU.Build.0 = Release|Any CPU
	EndGlobalSection
	GlobalSection(SolutionProperties) = preSolution
		HideSolutionNode = FALSE
	EndGlobalSection
	GlobalSection(NestedProjects) = preSolution
		{8D0C95C0-C924-46F8-808D-2EE8768ED814} = {09986AF7-6EFA-401A-9BBF-16F64E17AEC9}
		{7798D177-08A0-42F6-848A-16D8C18CAE75} = {8D0C95C0-C924-46F8-808D-2EE8768ED814}
		{044F67D3-AD14-4251-BBE9-9A9BEE2EB65E} = {8D0C95C0-C924-46F8-808D-2EE8768ED814}
		{9E5396C2-4149-4385-BA67-D076221B3750} = {09986AF7-6EFA-401A-9BBF-16F64E17AEC9}
	EndGlobalSection
	GlobalSection(ExtensibilityGlobals) = postSolution
		SolutionGuid = {33E53D7B-613A-4A1D-AF9B-7C6F3DE8EBF4}
	EndGlobalSection
EndGlobal
